
Microsoft Visual Studio Solution File, Format Version 12.00
Project("{FAE04EC0-301F-11D3-BF4B-00C04F79EFBC}") = "TelemetryApp.Api", "TelemetryApp.Api\TelemetryApp.Api.csproj", "{4F946120-BB1A-4C92-9E65-2D9B062EEECB}"
EndProject
Project("{2150E333-8FDC-42A3-9474-1A3956D46DE8}") = "Clients", "Clients", "{6A07C1DF-1E7B-4C0F-B275-492D48C94E4B}"
EndProject
Project("{2150E333-8FDC-42A3-9474-1A3956D46DE8}") = "Api", "Api", "{924C962F-DFD7-42A4-BCD0-F733009E356C}"
EndProject
Project("{2150E333-8FDC-42A3-9474-1A3956D46DE8}") = "Core", "Core", "{9BF67AD5-8FB5-4F2D-B12D-FD4149944B24}"
EndProject
Project("{FAE04EC0-301F-11D3-BF4B-00C04F79EFBC}") = "TelemetryApp.Api.Client", "TelemetryApp.Api.Client\TelemetryApp.Api.Client.csproj", "{D2C5B7EF-0C60-4891-93DF-8404CC5C9E34}"
EndProject
Project("{FAE04EC0-301F-11D3-BF4B-00C04F79EFBC}") = "TelemetryApp.Api.Dto", "TelemetryApp.Api.Dto\TelemetryApp.Api.Dto.csproj", "{4B7909C8-4DA0-4293-807F-3BA488DE1ABA}"
EndProject
Project("{FAE04EC0-301F-11D3-BF4B-00C04F79EFBC}") = "TelemetryApp.Core", "TelemetryApp.Core\TelemetryApp.Core.csproj", "{1D1FEC90-5934-4DC1-9403-3A006A5EEAD3}"
EndProject
Project("{FAE04EC0-301F-11D3-BF4B-00C04F79EFBC}") = "TelemetryApp.Utilities", "TelemetryApp.Utilities\TelemetryApp.Utilities.csproj", "{D0F44A12-E267-4AB3-B0A3-69703B2D5541}"
EndProject
Project("{2150E333-8FDC-42A3-9474-1A3956D46DE8}") = "Tests", "Tests", "{35B09520-7F68-46B0-8F03-79CC55E82D33}"
EndProject
Project("{FAE04EC0-301F-11D3-BF4B-00C04F79EFBC}") = "ApiClientTests", "Tests\ApiClientTests\ApiClientTests.csproj", "{B3A026E8-3545-4A13-B238-05C165D98AA4}"
EndProject
Project("{FAE04EC0-301F-11D3-BF4B-00C04F79EFBC}") = "Common", "Tests\Common\Common.csproj", "{E05A7A59-0F12-4925-AE21-E2A0A44731D7}"
EndProject
Project("{FAE04EC0-301F-11D3-BF4B-00C04F79EFBC}") = "IntegrationTests", "Tests\IntegrationTests\IntegrationTests.csproj", "{1236771B-F245-40E3-819A-5A5D9679F908}"
EndProject
Project("{2150E333-8FDC-42A3-9474-1A3956D46DE8}") = "TelegramDockerMonitoring", "TelegramDockerMonitoring", "{F4D6D795-0659-4005-9FE8-2A7531214F96}"
EndProject
Project("{FAE04EC0-301F-11D3-BF4B-00C04F79EFBC}") = "TelemetryApp.Alerts.TelegramBot", "TelemetryApp.Alerts.TelegramBot\TelemetryApp.Alerts.TelegramBot.csproj", "{06D72C94-2359-4421-AE4B-2E9888E8C35D}"
EndProject
Project("{2150E333-8FDC-42A3-9474-1A3956D46DE8}") = "Tools", "Tools", "{C76B11CD-4F16-4A73-8CA8-11DE3DC22F26}"
EndProject
Project("{FAE04EC0-301F-11D3-BF4B-00C04F79EFBC}") = "TelemetryApp.Tools", "TelemetryApp.Tools\TelemetryApp.Tools.csproj", "{20EEC165-F87B-4296-B5B9-F01DBD3CBD55}"
EndProject
Global
	GlobalSection(SolutionConfigurationPlatforms) = preSolution
		Debug|Any CPU = Debug|Any CPU
		Release|Any CPU = Release|Any CPU
	EndGlobalSection
	GlobalSection(ProjectConfigurationPlatforms) = postSolution
		{4F946120-BB1A-4C92-9E65-2D9B062EEECB}.Debug|Any CPU.ActiveCfg = Debug|Any CPU
		{4F946120-BB1A-4C92-9E65-2D9B062EEECB}.Debug|Any CPU.Build.0 = Debug|Any CPU
		{4F946120-BB1A-4C92-9E65-2D9B062EEECB}.Release|Any CPU.ActiveCfg = Release|Any CPU
		{4F946120-BB1A-4C92-9E65-2D9B062EEECB}.Release|Any CPU.Build.0 = Release|Any CPU
		{D2C5B7EF-0C60-4891-93DF-8404CC5C9E34}.Debug|Any CPU.ActiveCfg = Debug|Any CPU
		{D2C5B7EF-0C60-4891-93DF-8404CC5C9E34}.Debug|Any CPU.Build.0 = Debug|Any CPU
		{D2C5B7EF-0C60-4891-93DF-8404CC5C9E34}.Release|Any CPU.ActiveCfg = Release|Any CPU
		{D2C5B7EF-0C60-4891-93DF-8404CC5C9E34}.Release|Any CPU.Build.0 = Release|Any CPU
		{4B7909C8-4DA0-4293-807F-3BA488DE1ABA}.Debug|Any CPU.ActiveCfg = Debug|Any CPU
		{4B7909C8-4DA0-4293-807F-3BA488DE1ABA}.Debug|Any CPU.Build.0 = Debug|Any CPU
		{4B7909C8-4DA0-4293-807F-3BA488DE1ABA}.Release|Any CPU.ActiveCfg = Release|Any CPU
		{4B7909C8-4DA0-4293-807F-3BA488DE1ABA}.Release|Any CPU.Build.0 = Release|Any CPU
		{1D1FEC90-5934-4DC1-9403-3A006A5EEAD3}.Debug|Any CPU.ActiveCfg = Debug|Any CPU
		{1D1FEC90-5934-4DC1-9403-3A006A5EEAD3}.Debug|Any CPU.Build.0 = Debug|Any CPU
		{1D1FEC90-5934-4DC1-9403-3A006A5EEAD3}.Release|Any CPU.ActiveCfg = Release|Any CPU
		{1D1FEC90-5934-4DC1-9403-3A006A5EEAD3}.Release|Any CPU.Build.0 = Release|Any CPU
		{D0F44A12-E267-4AB3-B0A3-69703B2D5541}.Debug|Any CPU.ActiveCfg = Debug|Any CPU
		{D0F44A12-E267-4AB3-B0A3-69703B2D5541}.Debug|Any CPU.Build.0 = Debug|Any CPU
		{D0F44A12-E267-4AB3-B0A3-69703B2D5541}.Release|Any CPU.ActiveCfg = Release|Any CPU
		{D0F44A12-E267-4AB3-B0A3-69703B2D5541}.Release|Any CPU.Build.0 = Release|Any CPU
		{B3A026E8-3545-4A13-B238-05C165D98AA4}.Debug|Any CPU.ActiveCfg = Debug|Any CPU
		{B3A026E8-3545-4A13-B238-05C165D98AA4}.Debug|Any CPU.Build.0 = Debug|Any CPU
		{B3A026E8-3545-4A13-B238-05C165D98AA4}.Release|Any CPU.ActiveCfg = Release|Any CPU
		{B3A026E8-3545-4A13-B238-05C165D98AA4}.Release|Any CPU.Build.0 = Release|Any CPU
		{E05A7A59-0F12-4925-AE21-E2A0A44731D7}.Debug|Any CPU.ActiveCfg = Debug|Any CPU
		{E05A7A59-0F12-4925-AE21-E2A0A44731D7}.Debug|Any CPU.Build.0 = Debug|Any CPU
		{E05A7A59-0F12-4925-AE21-E2A0A44731D7}.Release|Any CPU.ActiveCfg = Release|Any CPU
		{E05A7A59-0F12-4925-AE21-E2A0A44731D7}.Release|Any CPU.Build.0 = Release|Any CPU
		{1236771B-F245-40E3-819A-5A5D9679F908}.Debug|Any CPU.ActiveCfg = Debug|Any CPU
		{1236771B-F245-40E3-819A-5A5D9679F908}.Debug|Any CPU.Build.0 = Debug|Any CPU
		{1236771B-F245-40E3-819A-5A5D9679F908}.Release|Any CPU.ActiveCfg = Release|Any CPU
		{1236771B-F245-40E3-819A-5A5D9679F908}.Release|Any CPU.Build.0 = Release|Any CPU
		{06D72C94-2359-4421-AE4B-2E9888E8C35D}.Debug|Any CPU.ActiveCfg = Debug|Any CPU
		{06D72C94-2359-4421-AE4B-2E9888E8C35D}.Debug|Any CPU.Build.0 = Debug|Any CPU
		{06D72C94-2359-4421-AE4B-2E9888E8C35D}.Release|Any CPU.ActiveCfg = Release|Any CPU
		{06D72C94-2359-4421-AE4B-2E9888E8C35D}.Release|Any CPU.Build.0 = Release|Any CPU
		{20EEC165-F87B-4296-B5B9-F01DBD3CBD55}.Debug|Any CPU.ActiveCfg = Debug|Any CPU
		{20EEC165-F87B-4296-B5B9-F01DBD3CBD55}.Debug|Any CPU.Build.0 = Debug|Any CPU
		{20EEC165-F87B-4296-B5B9-F01DBD3CBD55}.Release|Any CPU.ActiveCfg = Release|Any CPU
		{20EEC165-F87B-4296-B5B9-F01DBD3CBD55}.Release|Any CPU.Build.0 = Release|Any CPU
	EndGlobalSection
	GlobalSection(NestedProjects) = preSolution
		{4F946120-BB1A-4C92-9E65-2D9B062EEECB} = {924C962F-DFD7-42A4-BCD0-F733009E356C}
		{D2C5B7EF-0C60-4891-93DF-8404CC5C9E34} = {6A07C1DF-1E7B-4C0F-B275-492D48C94E4B}
		{4B7909C8-4DA0-4293-807F-3BA488DE1ABA} = {6A07C1DF-1E7B-4C0F-B275-492D48C94E4B}
		{1D1FEC90-5934-4DC1-9403-3A006A5EEAD3} = {9BF67AD5-8FB5-4F2D-B12D-FD4149944B24}
		{D0F44A12-E267-4AB3-B0A3-69703B2D5541} = {6A07C1DF-1E7B-4C0F-B275-492D48C94E4B}
		{B3A026E8-3545-4A13-B238-05C165D98AA4} = {35B09520-7F68-46B0-8F03-79CC55E82D33}
		{E05A7A59-0F12-4925-AE21-E2A0A44731D7} = {35B09520-7F68-46B0-8F03-79CC55E82D33}
		{1236771B-F245-40E3-819A-5A5D9679F908} = {35B09520-7F68-46B0-8F03-79CC55E82D33}
		{06D72C94-2359-4421-AE4B-2E9888E8C35D} = {F4D6D795-0659-4005-9FE8-2A7531214F96}
		{20EEC165-F87B-4296-B5B9-F01DBD3CBD55} = {C76B11CD-4F16-4A73-8CA8-11DE3DC22F26}
	EndGlobalSection
EndGlobal
